// !$*UTF8*$!
{
	archiveVersion = 1;
	classes = {
	};
	objectVersion = 56;
	objects = {

/* Begin PBXBuildFile section */
		951A5A912B9FDC7200F6B7FD /* K번째수.swift in Sources */ = {isa = PBXBuildFile; fileRef = 951A5A902B9FDC7200F6B7FD /* K번째수.swift */; };
		952182BA2B97FDE5002B2003 /* 시저_암호.swift in Sources */ = {isa = PBXBuildFile; fileRef = 952182B92B97FDE5002B2003 /* 시저_암호.swift */; };
		953FAC262B96D05A00364133 /* 최소직사각형.swift in Sources */ = {isa = PBXBuildFile; fileRef = 953FAC252B96D05A00364133 /* 최소직사각형.swift */; };
		95A5A5142B99496000A8FB66 /* 숫자_문자열과_영단어.swift in Sources */ = {isa = PBXBuildFile; fileRef = 95A5A5132B99496000A8FB66 /* 숫자_문자열과_영단어.swift */; };
		95AA22CA2B95A29B00224502 /* 삼총사.swift in Sources */ = {isa = PBXBuildFile; fileRef = 95EE77FB2B90229A00918506 /* 삼총사.swift */; };
		95AA22CC2B95A2F700224502 /* 크기가_작은_부분.swift in Sources */ = {isa = PBXBuildFile; fileRef = 95AA22CB2B95A2F700224502 /* 크기가_작은_부분.swift */; };
		95E6B8212B9AB4CB004F5878 /* 문자열_내_마음대로_정렬하기.swift in Sources */ = {isa = PBXBuildFile; fileRef = 95E6B8202B9AB4CB004F5878 /* 문자열_내_마음대로_정렬하기.swift */; };
		95EE77EE2B9021F100918506 /* main.swift in Sources */ = {isa = PBXBuildFile; fileRef = 95EE77ED2B9021F100918506 /* main.swift */; };
/* End PBXBuildFile section */

/* Begin PBXCopyFilesBuildPhase section */
		95EE77E82B9021F100918506 /* CopyFiles */ = {
			isa = PBXCopyFilesBuildPhase;
			buildActionMask = 2147483647;
			dstPath = /usr/share/man/man1/;
			dstSubfolderSpec = 0;
			files = (
			);
			runOnlyForDeploymentPostprocessing = 1;
		};
		95EE77F72B90229A00918506 /* CopyFiles */ = {
			isa = PBXCopyFilesBuildPhase;
			buildActionMask = 2147483647;
			dstPath = /usr/share/man/man1/;
			dstSubfolderSpec = 0;
			files = (
			);
			runOnlyForDeploymentPostprocessing = 1;
		};
/* End PBXCopyFilesBuildPhase section */

/* Begin PBXFileReference section */
		951A5A902B9FDC7200F6B7FD /* K번째수.swift */ = {isa = PBXFileReference; lastKnownFileType = sourcecode.swift; path = "K번째수.swift"; sourceTree = "<group>"; };
		952182B92B97FDE5002B2003 /* 시저_암호.swift */ = {isa = PBXFileReference; lastKnownFileType = sourcecode.swift; path = "시저_암호.swift"; sourceTree = "<group>"; };
		953FAC252B96D05A00364133 /* 최소직사각형.swift */ = {isa = PBXFileReference; lastKnownFileType = sourcecode.swift; path = "최소직사각형.swift"; sourceTree = "<group>"; };
		95A5A5132B99496000A8FB66 /* 숫자_문자열과_영단어.swift */ = {isa = PBXFileReference; lastKnownFileType = sourcecode.swift; path = "숫자_문자열과_영단어.swift"; sourceTree = "<group>"; };
		95AA22CB2B95A2F700224502 /* 크기가_작은_부분.swift */ = {isa = PBXFileReference; lastKnownFileType = sourcecode.swift; path = "크기가_작은_부분.swift"; sourceTree = "<group>"; };
		95E6B8202B9AB4CB004F5878 /* 문자열_내_마음대로_정렬하기.swift */ = {isa = PBXFileReference; lastKnownFileType = sourcecode.swift; path = "문자열_내_마음대로_정렬하기.swift"; sourceTree = "<group>"; };
		95EE77EA2B9021F100918506 /* CodingTest */ = {isa = PBXFileReference; explicitFileType = "compiled.mach-o.executable"; includeInIndex = 0; path = CodingTest; sourceTree = BUILT_PRODUCTS_DIR; };
		95EE77ED2B9021F100918506 /* main.swift */ = {isa = PBXFileReference; lastKnownFileType = sourcecode.swift; path = main.swift; sourceTree = "<group>"; };
		95EE77F92B90229A00918506 /* 삼총사 */ = {isa = PBXFileReference; explicitFileType = "compiled.mach-o.executable"; includeInIndex = 0; path = "삼총사"; sourceTree = BUILT_PRODUCTS_DIR; };
		95EE77FB2B90229A00918506 /* 삼총사.swift */ = {isa = PBXFileReference; lastKnownFileType = sourcecode.swift; name = "삼총사.swift"; path = "삼총사/삼총사.swift"; sourceTree = "<group>"; };
/* End PBXFileReference section */

/* Begin PBXFrameworksBuildPhase section */
		95EE77E72B9021F100918506 /* Frameworks */ = {
			isa = PBXFrameworksBuildPhase;
			buildActionMask = 2147483647;
			files = (
			);
			runOnlyForDeploymentPostprocessing = 0;
		};
		95EE77F62B90229A00918506 /* Frameworks */ = {
			isa = PBXFrameworksBuildPhase;
			buildActionMask = 2147483647;
			files = (
			);
			runOnlyForDeploymentPostprocessing = 0;
		};
/* End PBXFrameworksBuildPhase section */

/* Begin PBXGroup section */
		95EE77E12B9021F100918506 = {
			isa = PBXGroup;
			children = (
				95EE77EC2B9021F100918506 /* CodingTest */,
				95EE77EB2B9021F100918506 /* Products */,
			);
			sourceTree = "<group>";
		};
		95EE77EB2B9021F100918506 /* Products */ = {
			isa = PBXGroup;
			children = (
				95EE77EA2B9021F100918506 /* CodingTest */,
				95EE77F92B90229A00918506 /* 삼총사 */,
			);
			name = Products;
			sourceTree = "<group>";
		};
		95EE77EC2B9021F100918506 /* CodingTest */ = {
			isa = PBXGroup;
			children = (
				95EE77ED2B9021F100918506 /* main.swift */,
				95EE77FB2B90229A00918506 /* 삼총사.swift */,
				95AA22CB2B95A2F700224502 /* 크기가_작은_부분.swift */,
				953FAC252B96D05A00364133 /* 최소직사각형.swift */,
				952182B92B97FDE5002B2003 /* 시저_암호.swift */,
				95A5A5132B99496000A8FB66 /* 숫자_문자열과_영단어.swift */,
				95E6B8202B9AB4CB004F5878 /* 문자열_내_마음대로_정렬하기.swift */,
				951A5A902B9FDC7200F6B7FD /* K번째수.swift */,
			);
			path = CodingTest;
			sourceTree = "<group>";
		};
/* End PBXGroup section */

/* Begin PBXNativeTarget section */
		95EE77E92B9021F100918506 /* CodingTest */ = {
			isa = PBXNativeTarget;
			buildConfigurationList = 95EE77F12B9021F100918506 /* Build configuration list for PBXNativeTarget "CodingTest" */;
			buildPhases = (
				95EE77E62B9021F100918506 /* Sources */,
				95EE77E72B9021F100918506 /* Frameworks */,
				95EE77E82B9021F100918506 /* CopyFiles */,
			);
			buildRules = (
			);
			dependencies = (
			);
			name = CodingTest;
			productName = CodingTest;
			productReference = 95EE77EA2B9021F100918506 /* CodingTest */;
			productType = "com.apple.product-type.tool";
		};
		95EE77F82B90229A00918506 /* 삼총사 */ = {
			isa = PBXNativeTarget;
			buildConfigurationList = 95EE77FD2B90229A00918506 /* Build configuration list for PBXNativeTarget "삼총사" */;
			buildPhases = (
				95EE77F52B90229A00918506 /* Sources */,
				95EE77F62B90229A00918506 /* Frameworks */,
				95EE77F72B90229A00918506 /* CopyFiles */,
			);
			buildRules = (
			);
			dependencies = (
			);
			name = "삼총사";
			productName = "삼총사";
			productReference = 95EE77F92B90229A00918506 /* 삼총사 */;
			productType = "com.apple.product-type.tool";
		};
/* End PBXNativeTarget section */

/* Begin PBXProject section */
		95EE77E22B9021F100918506 /* Project object */ = {
			isa = PBXProject;
			attributes = {
				BuildIndependentTargetsInParallel = 1;
				LastSwiftUpdateCheck = 1520;
				LastUpgradeCheck = 1520;
				TargetAttributes = {
					95EE77E92B9021F100918506 = {
						CreatedOnToolsVersion = 15.2;
					};
					95EE77F82B90229A00918506 = {
						CreatedOnToolsVersion = 15.2;
					};
				};
			};
			buildConfigurationList = 95EE77E52B9021F100918506 /* Build configuration list for PBXProject "CodingTest" */;
			compatibilityVersion = "Xcode 14.0";
			developmentRegion = en;
			hasScannedForEncodings = 0;
			knownRegions = (
				en,
				Base,
			);
			mainGroup = 95EE77E12B9021F100918506;
			productRefGroup = 95EE77EB2B9021F100918506 /* Products */;
			projectDirPath = "";
			projectRoot = "";
			targets = (
				95EE77E92B9021F100918506 /* CodingTest */,
				95EE77F82B90229A00918506 /* 삼총사 */,
			);
		};
/* End PBXProject section */

/* Begin PBXSourcesBuildPhase section */
		95EE77E62B9021F100918506 /* Sources */ = {
			isa = PBXSourcesBuildPhase;
			buildActionMask = 2147483647;
			files = (
				95AA22CC2B95A2F700224502 /* 크기가_작은_부분.swift in Sources */,
				951A5A912B9FDC7200F6B7FD /* K번째수.swift in Sources */,
				953FAC262B96D05A00364133 /* 최소직사각형.swift in Sources */,
				952182BA2B97FDE5002B2003 /* 시저_암호.swift in Sources */,
				95E6B8212B9AB4CB004F5878 /* 문자열_내_마음대로_정렬하기.swift in Sources */,
				95AA22CA2B95A29B00224502 /* 삼총사.swift in Sources */,
				95A5A5142B99496000A8FB66 /* 숫자_문자열과_영단어.swift in Sources */,
				95EE77EE2B9021F100918506 /* main.swift in Sources */,
			);
			runOnlyForDeploymentPostprocessing = 0;
		};
		95EE77F52B90229A00918506 /* Sources */ = {
			isa = PBXSourcesBuildPhase;
			buildActionMask = 2147483647;
			files = (
			);
			runOnlyForDeploymentPostprocessing = 0;
		};
/* End PBXSourcesBuildPhase section */

/* Begin XCBuildConfiguration section */
		95EE77EF2B9021F100918506 /* Debug */ = {
			isa = XCBuildConfiguration;
			buildSettings = {
				ALWAYS_SEARCH_USER_PATHS = NO;
				ASSETCATALOG_COMPILER_GENERATE_SWIFT_ASSET_SYMBOL_EXTENSIONS = YES;
				CLANG_ANALYZER_NONNULL = YES;
				CLANG_ANALYZER_NUMBER_OBJECT_CONVERSION = YES_AGGRESSIVE;
				CLANG_CXX_LANGUAGE_STANDARD = "gnu++20";
				CLANG_ENABLE_MODULES = YES;
				CLANG_ENABLE_OBJC_ARC = YES;
				CLANG_ENABLE_OBJC_WEAK = YES;
				CLANG_WARN_BLOCK_CAPTURE_AUTORELEASING = YES;
				CLANG_WARN_BOOL_CONVERSION = YES;
				CLANG_WARN_COMMA = YES;
				CLANG_WARN_CONSTANT_CONVERSION = YES;
				CLANG_WARN_DEPRECATED_OBJC_IMPLEMENTATIONS = YES;
				CLANG_WARN_DIRECT_OBJC_ISA_USAGE = YES_ERROR;
				CLANG_WARN_DOCUMENTATION_COMMENTS = YES;
				CLANG_WARN_EMPTY_BODY = YES;
				CLANG_WARN_ENUM_CONVERSION = YES;
				CLANG_WARN_INFINITE_RECURSION = YES;
				CLANG_WARN_INT_CONVERSION = YES;
				CLANG_WARN_NON_LITERAL_NULL_CONVERSION = YES;
				CLANG_WARN_OBJC_IMPLICIT_RETAIN_SELF = YES;
				CLANG_WARN_OBJC_LITERAL_CONVERSION = YES;
				CLANG_WARN_OBJC_ROOT_CLASS = YES_ERROR;
				CLANG_WARN_QUOTED_INCLUDE_IN_FRAMEWORK_HEADER = YES;
				CLANG_WARN_RANGE_LOOP_ANALYSIS = YES;
				CLANG_WARN_STRICT_PROTOTYPES = YES;
				CLANG_WARN_SUSPICIOUS_MOVE = YES;
				CLANG_WARN_UNGUARDED_AVAILABILITY = YES_AGGRESSIVE;
				CLANG_WARN_UNREACHABLE_CODE = YES;
				CLANG_WARN__DUPLICATE_METHOD_MATCH = YES;
				COPY_PHASE_STRIP = NO;
				DEBUG_INFORMATION_FORMAT = dwarf;
				ENABLE_STRICT_OBJC_MSGSEND = YES;
				ENABLE_TESTABILITY = YES;
				ENABLE_USER_SCRIPT_SANDBOXING = YES;
				GCC_C_LANGUAGE_STANDARD = gnu17;
				GCC_DYNAMIC_NO_PIC = NO;
				GCC_NO_COMMON_BLOCKS = YES;
				GCC_OPTIMIZATION_LEVEL = 0;
				GCC_PREPROCESSOR_DEFINITIONS = (
					"DEBUG=1",
					"$(inherited)",
				);
				GCC_WARN_64_TO_32_BIT_CONVERSION = YES;
				GCC_WARN_ABOUT_RETURN_TYPE = YES_ERROR;
				GCC_WARN_UNDECLARED_SELECTOR = YES;
				GCC_WARN_UNINITIALIZED_AUTOS = YES_AGGRESSIVE;
				GCC_WARN_UNUSED_FUNCTION = YES;
				GCC_WARN_UNUSED_VARIABLE = YES;
				LOCALIZATION_PREFERS_STRING_CATALOGS = YES;
				MACOSX_DEPLOYMENT_TARGET = 14.2;
				MTL_ENABLE_DEBUG_INFO = INCLUDE_SOURCE;
				MTL_FAST_MATH = YES;
				ONLY_ACTIVE_ARCH = YES;
				SDKROOT = macosx;
				SWIFT_ACTIVE_COMPILATION_CONDITIONS = "DEBUG $(inherited)";
				SWIFT_OPTIMIZATION_LEVEL = "-Onone";
			};
			name = Debug;
		};
		95EE77F02B9021F100918506 /* Release */ = {
			isa = XCBuildConfiguration;
			buildSettings = {
				ALWAYS_SEARCH_USER_PATHS = NO;
				ASSETCATALOG_COMPILER_GENERATE_SWIFT_ASSET_SYMBOL_EXTENSIONS = YES;
				CLANG_ANALYZER_NONNULL = YES;
				CLANG_ANALYZER_NUMBER_OBJECT_CONVERSION = YES_AGGRESSIVE;
				CLANG_CXX_LANGUAGE_STANDARD = "gnu++20";
				CLANG_ENABLE_MODULES = YES;
				CLANG_ENABLE_OBJC_ARC = YES;
				CLANG_ENABLE_OBJC_WEAK = YES;
				CLANG_WARN_BLOCK_CAPTURE_AUTORELEASING = YES;
				CLANG_WARN_BOOL_CONVERSION = YES;
				CLANG_WARN_COMMA = YES;
				CLANG_WARN_CONSTANT_CONVERSION = YES;
				CLANG_WARN_DEPRECATED_OBJC_IMPLEMENTATIONS = YES;
				CLANG_WARN_DIRECT_OBJC_ISA_USAGE = YES_ERROR;
				CLANG_WARN_DOCUMENTATION_COMMENTS = YES;
				CLANG_WARN_EMPTY_BODY = YES;
				CLANG_WARN_ENUM_CONVERSION = YES;
				CLANG_WARN_INFINITE_RECURSION = YES;
				CLANG_WARN_INT_CONVERSION = YES;
				CLANG_WARN_NON_LITERAL_NULL_CONVERSION = YES;
				CLANG_WARN_OBJC_IMPLICIT_RETAIN_SELF = YES;
				CLANG_WARN_OBJC_LITERAL_CONVERSION = YES;
				CLANG_WARN_OBJC_ROOT_CLASS = YES_ERROR;
				CLANG_WARN_QUOTED_INCLUDE_IN_FRAMEWORK_HEADER = YES;
				CLANG_WARN_RANGE_LOOP_ANALYSIS = YES;
				CLANG_WARN_STRICT_PROTOTYPES = YES;
				CLANG_WARN_SUSPICIOUS_MOVE = YES;
				CLANG_WARN_UNGUARDED_AVAILABILITY = YES_AGGRESSIVE;
				CLANG_WARN_UNREACHABLE_CODE = YES;
				CLANG_WARN__DUPLICATE_METHOD_MATCH = YES;
				COPY_PHASE_STRIP = NO;
				DEBUG_INFORMATION_FORMAT = "dwarf-with-dsym";
				ENABLE_NS_ASSERTIONS = NO;
				ENABLE_STRICT_OBJC_MSGSEND = YES;
				ENABLE_USER_SCRIPT_SANDBOXING = YES;
				GCC_C_LANGUAGE_STANDARD = gnu17;
				GCC_NO_COMMON_BLOCKS = YES;
				GCC_WARN_64_TO_32_BIT_CONVERSION = YES;
				GCC_WARN_ABOUT_RETURN_TYPE = YES_ERROR;
				GCC_WARN_UNDECLARED_SELECTOR = YES;
				GCC_WARN_UNINITIALIZED_AUTOS = YES_AGGRESSIVE;
				GCC_WARN_UNUSED_FUNCTION = YES;
				GCC_WARN_UNUSED_VARIABLE = YES;
				LOCALIZATION_PREFERS_STRING_CATALOGS = YES;
				MACOSX_DEPLOYMENT_TARGET = 14.2;
				MTL_ENABLE_DEBUG_INFO = NO;
				MTL_FAST_MATH = YES;
				SDKROOT = macosx;
				SWIFT_COMPILATION_MODE = wholemodule;
			};
			name = Release;
		};
		95EE77F22B9021F100918506 /* Debug */ = {
			isa = XCBuildConfiguration;
			buildSettings = {
				CODE_SIGN_STYLE = Automatic;
				PRODUCT_NAME = "$(TARGET_NAME)";
				SWIFT_VERSION = 5.0;
			};
			name = Debug;
		};
		95EE77F32B9021F100918506 /* Release */ = {
			isa = XCBuildConfiguration;
			buildSettings = {
				CODE_SIGN_STYLE = Automatic;
				PRODUCT_NAME = "$(TARGET_NAME)";
				SWIFT_VERSION = 5.0;
			};
			name = Release;
		};
		95EE77FE2B90229A00918506 /* Debug */ = {
			isa = XCBuildConfiguration;
			buildSettings = {
				CODE_SIGN_STYLE = Automatic;
				PRODUCT_NAME = "$(TARGET_NAME)";
				SWIFT_VERSION = 5.0;
			};
			name = Debug;
		};
		95EE77FF2B90229A00918506 /* Release */ = {
			isa = XCBuildConfiguration;
			buildSettings = {
				CODE_SIGN_STYLE = Automatic;
				PRODUCT_NAME = "$(TARGET_NAME)";
				SWIFT_VERSION = 5.0;
			};
			name = Release;
		};
/* End XCBuildConfiguration section */

/* Begin XCConfigurationList section */
		95EE77E52B9021F100918506 /* Build configuration list for PBXProject "CodingTest" */ = {
			isa = XCConfigurationList;
			buildConfigurations = (
				95EE77EF2B9021F100918506 /* Debug */,
				95EE77F02B9021F100918506 /* Release */,
			);
			defaultConfigurationIsVisible = 0;
			defaultConfigurationName = Release;
		};
		95EE77F12B9021F100918506 /* Build configuration list for PBXNativeTarget "CodingTest" */ = {
			isa = XCConfigurationList;
			buildConfigurations = (
				95EE77F22B9021F100918506 /* Debug */,
				95EE77F32B9021F100918506 /* Release */,
			);
			defaultConfigurationIsVisible = 0;
			defaultConfigurationName = Release;
		};
		95EE77FD2B90229A00918506 /* Build configuration list for PBXNativeTarget "삼총사" */ = {
			isa = XCConfigurationList;
			buildConfigurations = (
				95EE77FE2B90229A00918506 /* Debug */,
				95EE77FF2B90229A00918506 /* Release */,
			);
			defaultConfigurationIsVisible = 0;
			defaultConfigurationName = Release;
		};
/* End XCConfigurationList section */
	};
	rootObject = 95EE77E22B9021F100918506 /* Project object */;
}
