// !$*UTF8*$!
{
	archiveVersion = 1;
	classes = {
	};
	objectVersion = 56;
	objects = {

/* Begin PBXBuildFile section */
		952969AC2B63A9C900CD00EA /* ViewController2.swift in Sources */ = {isa = PBXBuildFile; fileRef = 952969AB2B63A9C900CD00EA /* ViewController2.swift */; };
		952969AE2B63A9D800CD00EA /* ViewController3.swift in Sources */ = {isa = PBXBuildFile; fileRef = 952969AD2B63A9D800CD00EA /* ViewController3.swift */; };
		952975752B60E508003FA8E1 /* TableviewControler.swift in Sources */ = {isa = PBXBuildFile; fileRef = 952975742B60E508003FA8E1 /* TableviewControler.swift */; };
		9589949A2B5F9AEE007AC6C0 /* AppDelegate.swift in Sources */ = {isa = PBXBuildFile; fileRef = 958994992B5F9AEE007AC6C0 /* AppDelegate.swift */; };
		9589949C2B5F9AEE007AC6C0 /* SceneDelegate.swift in Sources */ = {isa = PBXBuildFile; fileRef = 9589949B2B5F9AEE007AC6C0 /* SceneDelegate.swift */; };
		9589949E2B5F9AEE007AC6C0 /* ViewController.swift in Sources */ = {isa = PBXBuildFile; fileRef = 9589949D2B5F9AEE007AC6C0 /* ViewController.swift */; };
		958994A12B5F9AEE007AC6C0 /* Main.storyboard in Resources */ = {isa = PBXBuildFile; fileRef = 9589949F2B5F9AEE007AC6C0 /* Main.storyboard */; };
		958994A32B5F9AEE007AC6C0 /* Assets.xcassets in Resources */ = {isa = PBXBuildFile; fileRef = 958994A22B5F9AEE007AC6C0 /* Assets.xcassets */; };
		958994A62B5F9AEE007AC6C0 /* LaunchScreen.storyboard in Resources */ = {isa = PBXBuildFile; fileRef = 958994A42B5F9AEE007AC6C0 /* LaunchScreen.storyboard */; };
		958994B12B5F9AEF007AC6C0 /* MyThirdProjectTests.swift in Sources */ = {isa = PBXBuildFile; fileRef = 958994B02B5F9AEF007AC6C0 /* MyThirdProjectTests.swift */; };
		958994BB2B5F9AEF007AC6C0 /* MyThirdProjectUITests.swift in Sources */ = {isa = PBXBuildFile; fileRef = 958994BA2B5F9AEF007AC6C0 /* MyThirdProjectUITests.swift */; };
		958994BD2B5F9AEF007AC6C0 /* MyThirdProjectUITestsLaunchTests.swift in Sources */ = {isa = PBXBuildFile; fileRef = 958994BC2B5F9AEF007AC6C0 /* MyThirdProjectUITestsLaunchTests.swift */; };
/* End PBXBuildFile section */

/* Begin PBXContainerItemProxy section */
		958994AD2B5F9AEF007AC6C0 /* PBXContainerItemProxy */ = {
			isa = PBXContainerItemProxy;
			containerPortal = 9589948E2B5F9AED007AC6C0 /* Project object */;
			proxyType = 1;
			remoteGlobalIDString = 958994952B5F9AED007AC6C0;
			remoteInfo = MyThirdProject;
		};
		958994B72B5F9AEF007AC6C0 /* PBXContainerItemProxy */ = {
			isa = PBXContainerItemProxy;
			containerPortal = 9589948E2B5F9AED007AC6C0 /* Project object */;
			proxyType = 1;
			remoteGlobalIDString = 958994952B5F9AED007AC6C0;
			remoteInfo = MyThirdProject;
		};
/* End PBXContainerItemProxy section */

/* Begin PBXFileReference section */
		952969AB2B63A9C900CD00EA /* ViewController2.swift */ = {isa = PBXFileReference; lastKnownFileType = sourcecode.swift; path = ViewController2.swift; sourceTree = "<group>"; };
		952969AD2B63A9D800CD00EA /* ViewController3.swift */ = {isa = PBXFileReference; lastKnownFileType = sourcecode.swift; path = ViewController3.swift; sourceTree = "<group>"; };
		952975742B60E508003FA8E1 /* TableviewControler.swift */ = {isa = PBXFileReference; lastKnownFileType = sourcecode.swift; path = TableviewControler.swift; sourceTree = "<group>"; };
		958994962B5F9AEE007AC6C0 /* MyThirdProject.app */ = {isa = PBXFileReference; explicitFileType = wrapper.application; includeInIndex = 0; path = MyThirdProject.app; sourceTree = BUILT_PRODUCTS_DIR; };
		958994992B5F9AEE007AC6C0 /* AppDelegate.swift */ = {isa = PBXFileReference; lastKnownFileType = sourcecode.swift; path = AppDelegate.swift; sourceTree = "<group>"; };
		9589949B2B5F9AEE007AC6C0 /* SceneDelegate.swift */ = {isa = PBXFileReference; lastKnownFileType = sourcecode.swift; path = SceneDelegate.swift; sourceTree = "<group>"; };
		9589949D2B5F9AEE007AC6C0 /* ViewController.swift */ = {isa = PBXFileReference; lastKnownFileType = sourcecode.swift; path = ViewController.swift; sourceTree = "<group>"; };
		958994A02B5F9AEE007AC6C0 /* Base */ = {isa = PBXFileReference; lastKnownFileType = file.storyboard; name = Base; path = Base.lproj/Main.storyboard; sourceTree = "<group>"; };
		958994A22B5F9AEE007AC6C0 /* Assets.xcassets */ = {isa = PBXFileReference; lastKnownFileType = folder.assetcatalog; path = Assets.xcassets; sourceTree = "<group>"; };
		958994A52B5F9AEE007AC6C0 /* Base */ = {isa = PBXFileReference; lastKnownFileType = file.storyboard; name = Base; path = Base.lproj/LaunchScreen.storyboard; sourceTree = "<group>"; };
		958994A72B5F9AEE007AC6C0 /* Info.plist */ = {isa = PBXFileReference; lastKnownFileType = text.plist.xml; path = Info.plist; sourceTree = "<group>"; };
		958994AC2B5F9AEF007AC6C0 /* MyThirdProjectTests.xctest */ = {isa = PBXFileReference; explicitFileType = wrapper.cfbundle; includeInIndex = 0; path = MyThirdProjectTests.xctest; sourceTree = BUILT_PRODUCTS_DIR; };
		958994B02B5F9AEF007AC6C0 /* MyThirdProjectTests.swift */ = {isa = PBXFileReference; lastKnownFileType = sourcecode.swift; path = MyThirdProjectTests.swift; sourceTree = "<group>"; };
		958994B62B5F9AEF007AC6C0 /* MyThirdProjectUITests.xctest */ = {isa = PBXFileReference; explicitFileType = wrapper.cfbundle; includeInIndex = 0; path = MyThirdProjectUITests.xctest; sourceTree = BUILT_PRODUCTS_DIR; };
		958994BA2B5F9AEF007AC6C0 /* MyThirdProjectUITests.swift */ = {isa = PBXFileReference; lastKnownFileType = sourcecode.swift; path = MyThirdProjectUITests.swift; sourceTree = "<group>"; };
		958994BC2B5F9AEF007AC6C0 /* MyThirdProjectUITestsLaunchTests.swift */ = {isa = PBXFileReference; lastKnownFileType = sourcecode.swift; path = MyThirdProjectUITestsLaunchTests.swift; sourceTree = "<group>"; };
/* End PBXFileReference section */

/* Begin PBXFrameworksBuildPhase section */
		958994932B5F9AED007AC6C0 /* Frameworks */ = {
			isa = PBXFrameworksBuildPhase;
			buildActionMask = 2147483647;
			files = (
			);
			runOnlyForDeploymentPostprocessing = 0;
		};
		958994A92B5F9AEF007AC6C0 /* Frameworks */ = {
			isa = PBXFrameworksBuildPhase;
			buildActionMask = 2147483647;
			files = (
			);
			runOnlyForDeploymentPostprocessing = 0;
		};
		958994B32B5F9AEF007AC6C0 /* Frameworks */ = {
			isa = PBXFrameworksBuildPhase;
			buildActionMask = 2147483647;
			files = (
			);
			runOnlyForDeploymentPostprocessing = 0;
		};
/* End PBXFrameworksBuildPhase section */

/* Begin PBXGroup section */
		9589948D2B5F9AED007AC6C0 = {
			isa = PBXGroup;
			children = (
				958994982B5F9AEE007AC6C0 /* MyThirdProject */,
				958994AF2B5F9AEF007AC6C0 /* MyThirdProjectTests */,
				958994B92B5F9AEF007AC6C0 /* MyThirdProjectUITests */,
				958994972B5F9AEE007AC6C0 /* Products */,
			);
			sourceTree = "<group>";
		};
		958994972B5F9AEE007AC6C0 /* Products */ = {
			isa = PBXGroup;
			children = (
				958994962B5F9AEE007AC6C0 /* MyThirdProject.app */,
				958994AC2B5F9AEF007AC6C0 /* MyThirdProjectTests.xctest */,
				958994B62B5F9AEF007AC6C0 /* MyThirdProjectUITests.xctest */,
			);
			name = Products;
			sourceTree = "<group>";
		};
		958994982B5F9AEE007AC6C0 /* MyThirdProject */ = {
			isa = PBXGroup;
			children = (
				958994992B5F9AEE007AC6C0 /* AppDelegate.swift */,
				9589949B2B5F9AEE007AC6C0 /* SceneDelegate.swift */,
				952975742B60E508003FA8E1 /* TableviewControler.swift */,
				9589949D2B5F9AEE007AC6C0 /* ViewController.swift */,
				952969AB2B63A9C900CD00EA /* ViewController2.swift */,
				952969AD2B63A9D800CD00EA /* ViewController3.swift */,
				9589949F2B5F9AEE007AC6C0 /* Main.storyboard */,
				958994A22B5F9AEE007AC6C0 /* Assets.xcassets */,
				958994A42B5F9AEE007AC6C0 /* LaunchScreen.storyboard */,
				958994A72B5F9AEE007AC6C0 /* Info.plist */,
			);
			path = MyThirdProject;
			sourceTree = "<group>";
		};
		958994AF2B5F9AEF007AC6C0 /* MyThirdProjectTests */ = {
			isa = PBXGroup;
			children = (
				958994B02B5F9AEF007AC6C0 /* MyThirdProjectTests.swift */,
			);
			path = MyThirdProjectTests;
			sourceTree = "<group>";
		};
		958994B92B5F9AEF007AC6C0 /* MyThirdProjectUITests */ = {
			isa = PBXGroup;
			children = (
				958994BA2B5F9AEF007AC6C0 /* MyThirdProjectUITests.swift */,
				958994BC2B5F9AEF007AC6C0 /* MyThirdProjectUITestsLaunchTests.swift */,
			);
			path = MyThirdProjectUITests;
			sourceTree = "<group>";
		};
/* End PBXGroup section */

/* Begin PBXNativeTarget section */
		958994952B5F9AED007AC6C0 /* MyThirdProject */ = {
			isa = PBXNativeTarget;
			buildConfigurationList = 958994C02B5F9AEF007AC6C0 /* Build configuration list for PBXNativeTarget "MyThirdProject" */;
			buildPhases = (
				958994922B5F9AED007AC6C0 /* Sources */,
				958994932B5F9AED007AC6C0 /* Frameworks */,
				958994942B5F9AED007AC6C0 /* Resources */,
			);
			buildRules = (
			);
			dependencies = (
			);
			name = MyThirdProject;
			productName = MyThirdProject;
			productReference = 958994962B5F9AEE007AC6C0 /* MyThirdProject.app */;
			productType = "com.apple.product-type.application";
		};
		958994AB2B5F9AEF007AC6C0 /* MyThirdProjectTests */ = {
			isa = PBXNativeTarget;
			buildConfigurationList = 958994C32B5F9AEF007AC6C0 /* Build configuration list for PBXNativeTarget "MyThirdProjectTests" */;
			buildPhases = (
				958994A82B5F9AEF007AC6C0 /* Sources */,
				958994A92B5F9AEF007AC6C0 /* Frameworks */,
				958994AA2B5F9AEF007AC6C0 /* Resources */,
			);
			buildRules = (
			);
			dependencies = (
				958994AE2B5F9AEF007AC6C0 /* PBXTargetDependency */,
			);
			name = MyThirdProjectTests;
			productName = MyThirdProjectTests;
			productReference = 958994AC2B5F9AEF007AC6C0 /* MyThirdProjectTests.xctest */;
			productType = "com.apple.product-type.bundle.unit-test";
		};
		958994B52B5F9AEF007AC6C0 /* MyThirdProjectUITests */ = {
			isa = PBXNativeTarget;
			buildConfigurationList = 958994C62B5F9AEF007AC6C0 /* Build configuration list for PBXNativeTarget "MyThirdProjectUITests" */;
			buildPhases = (
				958994B22B5F9AEF007AC6C0 /* Sources */,
				958994B32B5F9AEF007AC6C0 /* Frameworks */,
				958994B42B5F9AEF007AC6C0 /* Resources */,
			);
			buildRules = (
			);
			dependencies = (
				958994B82B5F9AEF007AC6C0 /* PBXTargetDependency */,
			);
			name = MyThirdProjectUITests;
			productName = MyThirdProjectUITests;
			productReference = 958994B62B5F9AEF007AC6C0 /* MyThirdProjectUITests.xctest */;
			productType = "com.apple.product-type.bundle.ui-testing";
		};
/* End PBXNativeTarget section */

/* Begin PBXProject section */
		9589948E2B5F9AED007AC6C0 /* Project object */ = {
			isa = PBXProject;
			attributes = {
				BuildIndependentTargetsInParallel = 1;
				LastSwiftUpdateCheck = 1520;
				LastUpgradeCheck = 1520;
				TargetAttributes = {
					958994952B5F9AED007AC6C0 = {
						CreatedOnToolsVersion = 15.2;
					};
					958994AB2B5F9AEF007AC6C0 = {
						CreatedOnToolsVersion = 15.2;
						TestTargetID = 958994952B5F9AED007AC6C0;
					};
					958994B52B5F9AEF007AC6C0 = {
						CreatedOnToolsVersion = 15.2;
						TestTargetID = 958994952B5F9AED007AC6C0;
					};
				};
			};
			buildConfigurationList = 958994912B5F9AED007AC6C0 /* Build configuration list for PBXProject "MyThirdProject" */;
			compatibilityVersion = "Xcode 14.0";
			developmentRegion = en;
			hasScannedForEncodings = 0;
			knownRegions = (
				en,
				Base,
			);
			mainGroup = 9589948D2B5F9AED007AC6C0;
			productRefGroup = 958994972B5F9AEE007AC6C0 /* Products */;
			projectDirPath = "";
			projectRoot = "";
			targets = (
				958994952B5F9AED007AC6C0 /* MyThirdProject */,
				958994AB2B5F9AEF007AC6C0 /* MyThirdProjectTests */,
				958994B52B5F9AEF007AC6C0 /* MyThirdProjectUITests */,
			);
		};
/* End PBXProject section */

/* Begin PBXResourcesBuildPhase section */
		958994942B5F9AED007AC6C0 /* Resources */ = {
			isa = PBXResourcesBuildPhase;
			buildActionMask = 2147483647;
			files = (
				958994A62B5F9AEE007AC6C0 /* LaunchScreen.storyboard in Resources */,
				958994A32B5F9AEE007AC6C0 /* Assets.xcassets in Resources */,
				958994A12B5F9AEE007AC6C0 /* Main.storyboard in Resources */,
			);
			runOnlyForDeploymentPostprocessing = 0;
		};
		958994AA2B5F9AEF007AC6C0 /* Resources */ = {
			isa = PBXResourcesBuildPhase;
			buildActionMask = 2147483647;
			files = (
			);
			runOnlyForDeploymentPostprocessing = 0;
		};
		958994B42B5F9AEF007AC6C0 /* Resources */ = {
			isa = PBXResourcesBuildPhase;
			buildActionMask = 2147483647;
			files = (
			);
			runOnlyForDeploymentPostprocessing = 0;
		};
/* End PBXResourcesBuildPhase section */

/* Begin PBXSourcesBuildPhase section */
		958994922B5F9AED007AC6C0 /* Sources */ = {
			isa = PBXSourcesBuildPhase;
			buildActionMask = 2147483647;
			files = (
				952969AC2B63A9C900CD00EA /* ViewController2.swift in Sources */,
				9589949E2B5F9AEE007AC6C0 /* ViewController.swift in Sources */,
				952969AE2B63A9D800CD00EA /* ViewController3.swift in Sources */,
				9589949A2B5F9AEE007AC6C0 /* AppDelegate.swift in Sources */,
				952975752B60E508003FA8E1 /* TableviewControler.swift in Sources */,
				9589949C2B5F9AEE007AC6C0 /* SceneDelegate.swift in Sources */,
			);
			runOnlyForDeploymentPostprocessing = 0;
		};
		958994A82B5F9AEF007AC6C0 /* Sources */ = {
			isa = PBXSourcesBuildPhase;
			buildActionMask = 2147483647;
			files = (
				958994B12B5F9AEF007AC6C0 /* MyThirdProjectTests.swift in Sources */,
			);
			runOnlyForDeploymentPostprocessing = 0;
		};
		958994B22B5F9AEF007AC6C0 /* Sources */ = {
			isa = PBXSourcesBuildPhase;
			buildActionMask = 2147483647;
			files = (
				958994BD2B5F9AEF007AC6C0 /* MyThirdProjectUITestsLaunchTests.swift in Sources */,
				958994BB2B5F9AEF007AC6C0 /* MyThirdProjectUITests.swift in Sources */,
			);
			runOnlyForDeploymentPostprocessing = 0;
		};
/* End PBXSourcesBuildPhase section */

/* Begin PBXTargetDependency section */
		958994AE2B5F9AEF007AC6C0 /* PBXTargetDependency */ = {
			isa = PBXTargetDependency;
			target = 958994952B5F9AED007AC6C0 /* MyThirdProject */;
			targetProxy = 958994AD2B5F9AEF007AC6C0 /* PBXContainerItemProxy */;
		};
		958994B82B5F9AEF007AC6C0 /* PBXTargetDependency */ = {
			isa = PBXTargetDependency;
			target = 958994952B5F9AED007AC6C0 /* MyThirdProject */;
			targetProxy = 958994B72B5F9AEF007AC6C0 /* PBXContainerItemProxy */;
		};
/* End PBXTargetDependency section */

/* Begin PBXVariantGroup section */
		9589949F2B5F9AEE007AC6C0 /* Main.storyboard */ = {
			isa = PBXVariantGroup;
			children = (
				958994A02B5F9AEE007AC6C0 /* Base */,
			);
			name = Main.storyboard;
			sourceTree = "<group>";
		};
		958994A42B5F9AEE007AC6C0 /* LaunchScreen.storyboard */ = {
			isa = PBXVariantGroup;
			children = (
				958994A52B5F9AEE007AC6C0 /* Base */,
			);
			name = LaunchScreen.storyboard;
			sourceTree = "<group>";
		};
/* End PBXVariantGroup section */

/* Begin XCBuildConfiguration section */
		958994BE2B5F9AEF007AC6C0 /* Debug */ = {
			isa = XCBuildConfiguration;
			buildSettings = {
				ALWAYS_SEARCH_USER_PATHS = NO;
				ASSETCATALOG_COMPILER_GENERATE_SWIFT_ASSET_SYMBOL_EXTENSIONS = YES;
				CLANG_ANALYZER_NONNULL = YES;
				CLANG_ANALYZER_NUMBER_OBJECT_CONVERSION = YES_AGGRESSIVE;
				CLANG_CXX_LANGUAGE_STANDARD = "gnu++20";
				CLANG_ENABLE_MODULES = YES;
				CLANG_ENABLE_OBJC_ARC = YES;
				CLANG_ENABLE_OBJC_WEAK = YES;
				CLANG_WARN_BLOCK_CAPTURE_AUTORELEASING = YES;
				CLANG_WARN_BOOL_CONVERSION = YES;
				CLANG_WARN_COMMA = YES;
				CLANG_WARN_CONSTANT_CONVERSION = YES;
				CLANG_WARN_DEPRECATED_OBJC_IMPLEMENTATIONS = YES;
				CLANG_WARN_DIRECT_OBJC_ISA_USAGE = YES_ERROR;
				CLANG_WARN_DOCUMENTATION_COMMENTS = YES;
				CLANG_WARN_EMPTY_BODY = YES;
				CLANG_WARN_ENUM_CONVERSION = YES;
				CLANG_WARN_INFINITE_RECURSION = YES;
				CLANG_WARN_INT_CONVERSION = YES;
				CLANG_WARN_NON_LITERAL_NULL_CONVERSION = YES;
				CLANG_WARN_OBJC_IMPLICIT_RETAIN_SELF = YES;
				CLANG_WARN_OBJC_LITERAL_CONVERSION = YES;
				CLANG_WARN_OBJC_ROOT_CLASS = YES_ERROR;
				CLANG_WARN_QUOTED_INCLUDE_IN_FRAMEWORK_HEADER = YES;
				CLANG_WARN_RANGE_LOOP_ANALYSIS = YES;
				CLANG_WARN_STRICT_PROTOTYPES = YES;
				CLANG_WARN_SUSPICIOUS_MOVE = YES;
				CLANG_WARN_UNGUARDED_AVAILABILITY = YES_AGGRESSIVE;
				CLANG_WARN_UNREACHABLE_CODE = YES;
				CLANG_WARN__DUPLICATE_METHOD_MATCH = YES;
				COPY_PHASE_STRIP = NO;
				DEBUG_INFORMATION_FORMAT = dwarf;
				ENABLE_STRICT_OBJC_MSGSEND = YES;
				ENABLE_TESTABILITY = YES;
				ENABLE_USER_SCRIPT_SANDBOXING = YES;
				GCC_C_LANGUAGE_STANDARD = gnu17;
				GCC_DYNAMIC_NO_PIC = NO;
				GCC_NO_COMMON_BLOCKS = YES;
				GCC_OPTIMIZATION_LEVEL = 0;
				GCC_PREPROCESSOR_DEFINITIONS = (
					"DEBUG=1",
					"$(inherited)",
				);
				GCC_WARN_64_TO_32_BIT_CONVERSION = YES;
				GCC_WARN_ABOUT_RETURN_TYPE = YES_ERROR;
				GCC_WARN_UNDECLARED_SELECTOR = YES;
				GCC_WARN_UNINITIALIZED_AUTOS = YES_AGGRESSIVE;
				GCC_WARN_UNUSED_FUNCTION = YES;
				GCC_WARN_UNUSED_VARIABLE = YES;
				IPHONEOS_DEPLOYMENT_TARGET = 17.2;
				LOCALIZATION_PREFERS_STRING_CATALOGS = YES;
				MTL_ENABLE_DEBUG_INFO = INCLUDE_SOURCE;
				MTL_FAST_MATH = YES;
				ONLY_ACTIVE_ARCH = YES;
				SDKROOT = iphoneos;
				SWIFT_ACTIVE_COMPILATION_CONDITIONS = "DEBUG $(inherited)";
				SWIFT_OPTIMIZATION_LEVEL = "-Onone";
			};
			name = Debug;
		};
		958994BF2B5F9AEF007AC6C0 /* Release */ = {
			isa = XCBuildConfiguration;
			buildSettings = {
				ALWAYS_SEARCH_USER_PATHS = NO;
				ASSETCATALOG_COMPILER_GENERATE_SWIFT_ASSET_SYMBOL_EXTENSIONS = YES;
				CLANG_ANALYZER_NONNULL = YES;
				CLANG_ANALYZER_NUMBER_OBJECT_CONVERSION = YES_AGGRESSIVE;
				CLANG_CXX_LANGUAGE_STANDARD = "gnu++20";
				CLANG_ENABLE_MODULES = YES;
				CLANG_ENABLE_OBJC_ARC = YES;
				CLANG_ENABLE_OBJC_WEAK = YES;
				CLANG_WARN_BLOCK_CAPTURE_AUTORELEASING = YES;
				CLANG_WARN_BOOL_CONVERSION = YES;
				CLANG_WARN_COMMA = YES;
				CLANG_WARN_CONSTANT_CONVERSION = YES;
				CLANG_WARN_DEPRECATED_OBJC_IMPLEMENTATIONS = YES;
				CLANG_WARN_DIRECT_OBJC_ISA_USAGE = YES_ERROR;
				CLANG_WARN_DOCUMENTATION_COMMENTS = YES;
				CLANG_WARN_EMPTY_BODY = YES;
				CLANG_WARN_ENUM_CONVERSION = YES;
				CLANG_WARN_INFINITE_RECURSION = YES;
				CLANG_WARN_INT_CONVERSION = YES;
				CLANG_WARN_NON_LITERAL_NULL_CONVERSION = YES;
				CLANG_WARN_OBJC_IMPLICIT_RETAIN_SELF = YES;
				CLANG_WARN_OBJC_LITERAL_CONVERSION = YES;
				CLANG_WARN_OBJC_ROOT_CLASS = YES_ERROR;
				CLANG_WARN_QUOTED_INCLUDE_IN_FRAMEWORK_HEADER = YES;
				CLANG_WARN_RANGE_LOOP_ANALYSIS = YES;
				CLANG_WARN_STRICT_PROTOTYPES = YES;
				CLANG_WARN_SUSPICIOUS_MOVE = YES;
				CLANG_WARN_UNGUARDED_AVAILABILITY = YES_AGGRESSIVE;
				CLANG_WARN_UNREACHABLE_CODE = YES;
				CLANG_WARN__DUPLICATE_METHOD_MATCH = YES;
				COPY_PHASE_STRIP = NO;
				DEBUG_INFORMATION_FORMAT = "dwarf-with-dsym";
				ENABLE_NS_ASSERTIONS = NO;
				ENABLE_STRICT_OBJC_MSGSEND = YES;
				ENABLE_USER_SCRIPT_SANDBOXING = YES;
				GCC_C_LANGUAGE_STANDARD = gnu17;
				GCC_NO_COMMON_BLOCKS = YES;
				GCC_WARN_64_TO_32_BIT_CONVERSION = YES;
				GCC_WARN_ABOUT_RETURN_TYPE = YES_ERROR;
				GCC_WARN_UNDECLARED_SELECTOR = YES;
				GCC_WARN_UNINITIALIZED_AUTOS = YES_AGGRESSIVE;
				GCC_WARN_UNUSED_FUNCTION = YES;
				GCC_WARN_UNUSED_VARIABLE = YES;
				IPHONEOS_DEPLOYMENT_TARGET = 17.2;
				LOCALIZATION_PREFERS_STRING_CATALOGS = YES;
				MTL_ENABLE_DEBUG_INFO = NO;
				MTL_FAST_MATH = YES;
				SDKROOT = iphoneos;
				SWIFT_COMPILATION_MODE = wholemodule;
				VALIDATE_PRODUCT = YES;
			};
			name = Release;
		};
		958994C12B5F9AEF007AC6C0 /* Debug */ = {
			isa = XCBuildConfiguration;
			buildSettings = {
				ASSETCATALOG_COMPILER_APPICON_NAME = AppIcon;
				ASSETCATALOG_COMPILER_GLOBAL_ACCENT_COLOR_NAME = AccentColor;
				CODE_SIGN_STYLE = Automatic;
				CURRENT_PROJECT_VERSION = 1;
				GENERATE_INFOPLIST_FILE = YES;
				INFOPLIST_FILE = MyThirdProject/Info.plist;
				INFOPLIST_KEY_UIApplicationSupportsIndirectInputEvents = YES;
				INFOPLIST_KEY_UILaunchStoryboardName = LaunchScreen;
				INFOPLIST_KEY_UIMainStoryboardFile = Main;
				INFOPLIST_KEY_UISupportedInterfaceOrientations_iPad = "UIInterfaceOrientationPortrait UIInterfaceOrientationPortraitUpsideDown UIInterfaceOrientationLandscapeLeft UIInterfaceOrientationLandscapeRight";
				INFOPLIST_KEY_UISupportedInterfaceOrientations_iPhone = "UIInterfaceOrientationPortrait UIInterfaceOrientationLandscapeLeft UIInterfaceOrientationLandscapeRight";
				LD_RUNPATH_SEARCH_PATHS = (
					"$(inherited)",
					"@executable_path/Frameworks",
				);
				MARKETING_VERSION = 1.0;
				PRODUCT_BUNDLE_IDENTIFIER = com.MyThirdProject;
				PRODUCT_NAME = "$(TARGET_NAME)";
				SWIFT_EMIT_LOC_STRINGS = YES;
				SWIFT_VERSION = 5.0;
				TARGETED_DEVICE_FAMILY = "1,2";
			};
			name = Debug;
		};
		958994C22B5F9AEF007AC6C0 /* Release */ = {
			isa = XCBuildConfiguration;
			buildSettings = {
				ASSETCATALOG_COMPILER_APPICON_NAME = AppIcon;
				ASSETCATALOG_COMPILER_GLOBAL_ACCENT_COLOR_NAME = AccentColor;
				CODE_SIGN_STYLE = Automatic;
				CURRENT_PROJECT_VERSION = 1;
				GENERATE_INFOPLIST_FILE = YES;
				INFOPLIST_FILE = MyThirdProject/Info.plist;
				INFOPLIST_KEY_UIApplicationSupportsIndirectInputEvents = YES;
				INFOPLIST_KEY_UILaunchStoryboardName = LaunchScreen;
				INFOPLIST_KEY_UIMainStoryboardFile = Main;
				INFOPLIST_KEY_UISupportedInterfaceOrientations_iPad = "UIInterfaceOrientationPortrait UIInterfaceOrientationPortraitUpsideDown UIInterfaceOrientationLandscapeLeft UIInterfaceOrientationLandscapeRight";
				INFOPLIST_KEY_UISupportedInterfaceOrientations_iPhone = "UIInterfaceOrientationPortrait UIInterfaceOrientationLandscapeLeft UIInterfaceOrientationLandscapeRight";
				LD_RUNPATH_SEARCH_PATHS = (
					"$(inherited)",
					"@executable_path/Frameworks",
				);
				MARKETING_VERSION = 1.0;
				PRODUCT_BUNDLE_IDENTIFIER = com.MyThirdProject;
				PRODUCT_NAME = "$(TARGET_NAME)";
				SWIFT_EMIT_LOC_STRINGS = YES;
				SWIFT_VERSION = 5.0;
				TARGETED_DEVICE_FAMILY = "1,2";
			};
			name = Release;
		};
		958994C42B5F9AEF007AC6C0 /* Debug */ = {
			isa = XCBuildConfiguration;
			buildSettings = {
				ALWAYS_EMBED_SWIFT_STANDARD_LIBRARIES = YES;
				BUNDLE_LOADER = "$(TEST_HOST)";
				CODE_SIGN_STYLE = Automatic;
				CURRENT_PROJECT_VERSION = 1;
				GENERATE_INFOPLIST_FILE = YES;
				IPHONEOS_DEPLOYMENT_TARGET = 17.2;
				MARKETING_VERSION = 1.0;
				PRODUCT_BUNDLE_IDENTIFIER = com.MyThirdProjectTests;
				PRODUCT_NAME = "$(TARGET_NAME)";
				SWIFT_EMIT_LOC_STRINGS = NO;
				SWIFT_VERSION = 5.0;
				TARGETED_DEVICE_FAMILY = "1,2";
				TEST_HOST = "$(BUILT_PRODUCTS_DIR)/MyThirdProject.app/$(BUNDLE_EXECUTABLE_FOLDER_PATH)/MyThirdProject";
			};
			name = Debug;
		};
		958994C52B5F9AEF007AC6C0 /* Release */ = {
			isa = XCBuildConfiguration;
			buildSettings = {
				ALWAYS_EMBED_SWIFT_STANDARD_LIBRARIES = YES;
				BUNDLE_LOADER = "$(TEST_HOST)";
				CODE_SIGN_STYLE = Automatic;
				CURRENT_PROJECT_VERSION = 1;
				GENERATE_INFOPLIST_FILE = YES;
				IPHONEOS_DEPLOYMENT_TARGET = 17.2;
				MARKETING_VERSION = 1.0;
				PRODUCT_BUNDLE_IDENTIFIER = com.MyThirdProjectTests;
				PRODUCT_NAME = "$(TARGET_NAME)";
				SWIFT_EMIT_LOC_STRINGS = NO;
				SWIFT_VERSION = 5.0;
				TARGETED_DEVICE_FAMILY = "1,2";
				TEST_HOST = "$(BUILT_PRODUCTS_DIR)/MyThirdProject.app/$(BUNDLE_EXECUTABLE_FOLDER_PATH)/MyThirdProject";
			};
			name = Release;
		};
		958994C72B5F9AEF007AC6C0 /* Debug */ = {
			isa = XCBuildConfiguration;
			buildSettings = {
				ALWAYS_EMBED_SWIFT_STANDARD_LIBRARIES = YES;
				CODE_SIGN_STYLE = Automatic;
				CURRENT_PROJECT_VERSION = 1;
				GENERATE_INFOPLIST_FILE = YES;
				MARKETING_VERSION = 1.0;
				PRODUCT_BUNDLE_IDENTIFIER = com.MyThirdProjectUITests;
				PRODUCT_NAME = "$(TARGET_NAME)";
				SWIFT_EMIT_LOC_STRINGS = NO;
				SWIFT_VERSION = 5.0;
				TARGETED_DEVICE_FAMILY = "1,2";
				TEST_TARGET_NAME = MyThirdProject;
			};
			name = Debug;
		};
		958994C82B5F9AEF007AC6C0 /* Release */ = {
			isa = XCBuildConfiguration;
			buildSettings = {
				ALWAYS_EMBED_SWIFT_STANDARD_LIBRARIES = YES;
				CODE_SIGN_STYLE = Automatic;
				CURRENT_PROJECT_VERSION = 1;
				GENERATE_INFOPLIST_FILE = YES;
				MARKETING_VERSION = 1.0;
				PRODUCT_BUNDLE_IDENTIFIER = com.MyThirdProjectUITests;
				PRODUCT_NAME = "$(TARGET_NAME)";
				SWIFT_EMIT_LOC_STRINGS = NO;
				SWIFT_VERSION = 5.0;
				TARGETED_DEVICE_FAMILY = "1,2";
				TEST_TARGET_NAME = MyThirdProject;
			};
			name = Release;
		};
/* End XCBuildConfiguration section */

/* Begin XCConfigurationList section */
		958994912B5F9AED007AC6C0 /* Build configuration list for PBXProject "MyThirdProject" */ = {
			isa = XCConfigurationList;
			buildConfigurations = (
				958994BE2B5F9AEF007AC6C0 /* Debug */,
				958994BF2B5F9AEF007AC6C0 /* Release */,
			);
			defaultConfigurationIsVisible = 0;
			defaultConfigurationName = Release;
		};
		958994C02B5F9AEF007AC6C0 /* Build configuration list for PBXNativeTarget "MyThirdProject" */ = {
			isa = XCConfigurationList;
			buildConfigurations = (
				958994C12B5F9AEF007AC6C0 /* Debug */,
				958994C22B5F9AEF007AC6C0 /* Release */,
			);
			defaultConfigurationIsVisible = 0;
			defaultConfigurationName = Release;
		};
		958994C32B5F9AEF007AC6C0 /* Build configuration list for PBXNativeTarget "MyThirdProjectTests" */ = {
			isa = XCConfigurationList;
			buildConfigurations = (
				958994C42B5F9AEF007AC6C0 /* Debug */,
				958994C52B5F9AEF007AC6C0 /* Release */,
			);
			defaultConfigurationIsVisible = 0;
			defaultConfigurationName = Release;
		};
		958994C62B5F9AEF007AC6C0 /* Build configuration list for PBXNativeTarget "MyThirdProjectUITests" */ = {
			isa = XCConfigurationList;
			buildConfigurations = (
				958994C72B5F9AEF007AC6C0 /* Debug */,
				958994C82B5F9AEF007AC6C0 /* Release */,
			);
			defaultConfigurationIsVisible = 0;
			defaultConfigurationName = Release;
		};
/* End XCConfigurationList section */
	};
	rootObject = 9589948E2B5F9AED007AC6C0 /* Project object */;
}
